github.com/aarzilli/golua v0.0.0-20180302084504-459c093c4212 h1:oKyJnWgM59kXnyxBxM6J6eylbTf4lDt6Bo5AvyEI+dw=
github.com/aarzilli/golua v0.0.0-20180302084504-459c093c4212/go.mod h1:SV7PRru1lATaCdZXNt5AZHw0uKiN1BoYBHrcctQ1Ouc=
github.com/dgrijalva/jwt-go v3.2.0+incompatible h1:7qlOGliEKZXTDg6OTjfoBKDXWrumCAMpl/TFQ4/5kLM=
github.com/dgrijalva/jwt-go v3.2.0+incompatible/go.mod h1:E3ru+11k8xSBh+hMPgOLZmtrrCbhqsmaPHjLKYnJCaQ=
github.com/gorilla/websocket v1.4.0 h1:WDFjx/TMzVgy9VdMMQi2K2Emtwi2QcUQsztZ/zLaH/Q=
github.com/gorilla/websocket v1.4.0/go.mod h1:E7qHFY5m1UJ88s3WnNqhKjPHQ0heANvMoAMk2YaljkQ=
github.com/hashicorp/errwrap v1.0.0 h1:hLrqtEDnRye3+sgx6z4qVLNuviH3MR5aQ0ykNJa/UYA=
github.com/hashicorp/errwrap v1.0.0/go.mod h1:YH+1FKiLXxHSkmPseP+kNlulaMuP3n2brvKWEqk/Jc4=
github.com/hashicorp/go-multierror v1.0.0 h1:iVjPR7a6H0tWELX5NxNe7bYopibicUzc7uPribsnS6o=
github.com/hashicorp/go-multierror v1.0.0/go.mod h1:dHtQlpGsu+cZNNAkkCN/P3hoUDHhCYQXV3UM06sGGrk=
github.com/kildevaeld/dict v0.0.0-20160408084404-2b747ab2ed5c h1:h47NhrxJu0keLzFKKmmXDpr+H1+8CaQHRRyYEk151JE=
github.com/kildevaeld/dict v0.0.0-20160408084404-2b747ab2ed5c/go.mod h1:VSm/6vWqKTFZQDB5C/T5GmJYGLvP2Sgx4IBQLecnn0A=
github.com/kildevaeld/go-system v0.0.0-20181204140423-472d94cf937d h1:kpcpIduzv7EyU6kzZ3fLZIhpaXkkMs9owM+Rs+/WomA=
github.com/kildevaeld/go-system v0.0.0-20181204140423-472d94cf937d/go.mod h1:Tj9xQdeHHJ2y/3Q+YDjIBLbIRi/BW0ltLV1qIYNwHb8=
github.com/kildevaeld/strong v0.0.0-20181227122553-3e9b997b34b9 h1:j+lF85oi9ZSk8FQBU22P68yeA/P/GMZf3EuejSnJ/O4=
github.com/kildevaeld/strong v0.0.0-20181227122553-3e9b997b34b9/go.mod h1:kZ4LPBFFCLinsc0k9sYlwHc9vUqaEGtJ9rP6wFJlMGU=
github.com/spf13/pflag v1.0.3 h1:zPAT6CGy6wXeQ7NtTnaTerfKOsV6V6F8agHXFiazDkg=
github.com/spf13/pflag v1.0.3/go.mod h1:DYY7MBk1bdzusC3SYhjObp+wFpr4gzcvqqNjLnInEg4=
github.com/stevedonovan/luar v0.0.0-20170518170841-22d247e53660 h1:BQU7miOzJXmSUHa5oLf0b88kRgUgTeFsoc8i9uAV8zA=
github.com/stevedonovan/luar v0.0.0-20170518170841-22d247e53660/go.mod h1:LtHI5GcaXL3NPbZWY1Z6FAG62hWY8syhRGtD7feyN7E=
github.com/vmihailenco/msgpack v4.0.1+incompatible h1:RMF1enSPeKTlXrXdOcqjFUElywVZjjC6pqse21bKbEU=
github.com/vmihailenco/msgpack v4.0.1+incompatible/go.mod h1:fy3FlTQTDXWkZ7Bh6AcGMlsjHatGryHQYUTf1ShIgkk=
go.uber.org/atomic v1.3.2 h1:2Oa65PReHzfn29GpvgsYwloV9AVFHPDk8tYxt2c2tr4=
go.uber.org/atomic v1.3.2/go.mod h1:gD2HeocX3+yG+ygLZcrzQJaqmWj9AIm7n08wl/qW/PE=
go.uber.org/multierr v1.1.0 h1:HoEmRHQPVSqub6w2z2d2EOVs2fjyFRGyofhKuyDq0QI=
go.uber.org/multierr v1.1.0/go.mod h1:wR5kodmAFQ0UK8QlbwjlSNy0Z68gJhDJUG5sjR94q/0=
go.uber.org/zap v1.9.1 h1:XCJQEf3W6eZaVwhRBof6ImoYGJSITeKWsyeh3HFu/5o=
go.uber.org/zap v1.9.1/go.mod h1:vwi/ZaCAaUcBkycHslxD9B2zi4UTXhF60s6SWpuDF0Q=
